
Microsoft Visual Studio Solution File, Format Version 12.00
# Visual Studio Version 17
VisualStudioVersion = 17.4.33213.308
MinimumVisualStudioVersion = 10.0.40219.1
Project("{FAE04EC0-301F-11D3-BF4B-00C04F79EFBC}") = "Assignment3DSAII", "Assignment3DSAII\Assignment3DSAII.csproj", "{13842281-E8F3-4303-A067-F05D63FD0879}"
EndProject
Global
	GlobalSection(SolutionConfigurationPlatforms) = preSolution
		Debug|Any CPU = Debug|Any CPU
		Release|Any CPU = Release|Any CPU
	EndGlobalSection
	GlobalSection(ProjectConfigurationPlatforms) = postSolution
		{13842281-E8F3-4303-A067-F05D63FD0879}.Debug|Any CPU.ActiveCfg = Debug|Any CPU
		{13842281-E8F3-4303-A067-F05D63FD0879}.Debug|Any CPU.Build.0 = Debug|Any CPU
		{13842281-E8F3-4303-A067-F05D63FD0879}.Release|Any CPU.ActiveCfg = Release|Any CPU
		{13842281-E8F3-4303-A067-F05D63FD0879}.Release|Any CPU.Build.0 = Release|Any CPU
	EndGlobalSection
	GlobalSection(SolutionProperties) = preSolution
		HideSolutionNode = FALSE
	EndGlobalSection
	GlobalSection(ExtensibilityGlobals) = postSolution
		SolutionGuid = {682075F9-6073-4C5E-9507-0838F8918BDB}
	EndGlobalSection
EndGlobal
